
Microsoft Visual Studio Solution File, Format Version 12.00
# Visual Studio Version 17
VisualStudioVersion = 17.0.31903.59
MinimumVisualStudioVersion = 10.0.40219.1
Project("{9A19103F-16F7-4668-BE54-9A1E7A4F7556}") = "Core", "src\Core\Core.csproj", "{644A4FB2-4DA1-44CB-9C89-F7D10DC15399}"
EndProject
Project("{2150E333-8FDC-42A3-9474-1A3956D46DE8}") = "Core", "Core", "{5EB33352-F5B4-46D1-B2A4-9FFDBC649815}"
EndProject
Project("{2150E333-8FDC-42A3-9474-1A3956D46DE8}") = "Sampels", "Sampels", "{4BA18691-C8BF-44DF-8506-AC54A11D4109}"
EndProject
Project("{9A19103F-16F7-4668-BE54-9A1E7A4F7556}") = "sample.ApiClient", "Samples\sample.ApiClient\sample.ApiClient.csproj", "{63F7423D-0D9D-47E0-86F3-79BC64F647BD}"
EndProject
Project("{9A19103F-16F7-4668-BE54-9A1E7A4F7556}") = "Cache.InMemory", "Cache.InMemory\Cache.InMemory.csproj", "{152CBCBF-3F0C-4594-876A-A453D23B442B}"
EndProject
Project("{9A19103F-16F7-4668-BE54-9A1E7A4F7556}") = "Cache.Redis", "Cache.Redis\Cache.Redis.csproj", "{0D4571F5-B885-437C-900B-11CEC65C451F}"
EndProject
Project("{9A19103F-16F7-4668-BE54-9A1E7A4F7556}") = "Cache.EasyCaching", "Cache.EasyCaching\Cache.EasyCaching.csproj", "{A0665C9F-C51B-4490-98EE-245DC9E95C61}"
EndProject
Project("{2150E333-8FDC-42A3-9474-1A3956D46DE8}") = "Cache", "Cache", "{7F32DF23-0CDF-4774-B639-84EA1DA12B9E}"
EndProject
Global
	GlobalSection(SolutionConfigurationPlatforms) = preSolution
		Debug|Any CPU = Debug|Any CPU
		Release|Any CPU = Release|Any CPU
	EndGlobalSection
	GlobalSection(ProjectConfigurationPlatforms) = postSolution
		{644A4FB2-4DA1-44CB-9C89-F7D10DC15399}.Debug|Any CPU.ActiveCfg = Debug|Any CPU
		{644A4FB2-4DA1-44CB-9C89-F7D10DC15399}.Debug|Any CPU.Build.0 = Debug|Any CPU
		{644A4FB2-4DA1-44CB-9C89-F7D10DC15399}.Release|Any CPU.ActiveCfg = Release|Any CPU
		{644A4FB2-4DA1-44CB-9C89-F7D10DC15399}.Release|Any CPU.Build.0 = Release|Any CPU
		{63F7423D-0D9D-47E0-86F3-79BC64F647BD}.Debug|Any CPU.ActiveCfg = Debug|Any CPU
		{63F7423D-0D9D-47E0-86F3-79BC64F647BD}.Debug|Any CPU.Build.0 = Debug|Any CPU
		{63F7423D-0D9D-47E0-86F3-79BC64F647BD}.Release|Any CPU.ActiveCfg = Release|Any CPU
		{63F7423D-0D9D-47E0-86F3-79BC64F647BD}.Release|Any CPU.Build.0 = Release|Any CPU
		{152CBCBF-3F0C-4594-876A-A453D23B442B}.Debug|Any CPU.ActiveCfg = Debug|Any CPU
		{152CBCBF-3F0C-4594-876A-A453D23B442B}.Debug|Any CPU.Build.0 = Debug|Any CPU
		{152CBCBF-3F0C-4594-876A-A453D23B442B}.Release|Any CPU.ActiveCfg = Release|Any CPU
		{152CBCBF-3F0C-4594-876A-A453D23B442B}.Release|Any CPU.Build.0 = Release|Any CPU
		{0D4571F5-B885-437C-900B-11CEC65C451F}.Debug|Any CPU.ActiveCfg = Debug|Any CPU
		{0D4571F5-B885-437C-900B-11CEC65C451F}.Debug|Any CPU.Build.0 = Debug|Any CPU
		{0D4571F5-B885-437C-900B-11CEC65C451F}.Release|Any CPU.ActiveCfg = Release|Any CPU
		{0D4571F5-B885-437C-900B-11CEC65C451F}.Release|Any CPU.Build.0 = Release|Any CPU
		{A0665C9F-C51B-4490-98EE-245DC9E95C61}.Debug|Any CPU.ActiveCfg = Debug|Any CPU
		{A0665C9F-C51B-4490-98EE-245DC9E95C61}.Debug|Any CPU.Build.0 = Debug|Any CPU
		{A0665C9F-C51B-4490-98EE-245DC9E95C61}.Release|Any CPU.ActiveCfg = Release|Any CPU
		{A0665C9F-C51B-4490-98EE-245DC9E95C61}.Release|Any CPU.Build.0 = Release|Any CPU
	EndGlobalSection
	GlobalSection(SolutionProperties) = preSolution
		HideSolutionNode = FALSE
	EndGlobalSection
	GlobalSection(NestedProjects) = preSolution
		{644A4FB2-4DA1-44CB-9C89-F7D10DC15399} = {5EB33352-F5B4-46D1-B2A4-9FFDBC649815}
		{63F7423D-0D9D-47E0-86F3-79BC64F647BD} = {4BA18691-C8BF-44DF-8506-AC54A11D4109}
		{152CBCBF-3F0C-4594-876A-A453D23B442B} = {7F32DF23-0CDF-4774-B639-84EA1DA12B9E}
		{0D4571F5-B885-437C-900B-11CEC65C451F} = {7F32DF23-0CDF-4774-B639-84EA1DA12B9E}
		{A0665C9F-C51B-4490-98EE-245DC9E95C61} = {7F32DF23-0CDF-4774-B639-84EA1DA12B9E}
	EndGlobalSection
	GlobalSection(ExtensibilityGlobals) = postSolution
		SolutionGuid = {50F72AE1-0C31-4A9C-A0BA-51952C82B5AA}
	EndGlobalSection
EndGlobal
